
Microsoft Visual Studio Solution File, Format Version 12.00
# Visual Studio Version 16
VisualStudioVersion = 16.0.31205.134
MinimumVisualStudioVersion = 10.0.40219.1
Project("{FAE04EC0-301F-11D3-BF4B-00C04F79EFBC}") = "OneProject", "OneProject\OneProject.csproj", "{5C0B79A0-79A4-4783-A2CE-6B978C9DCACC}"
EndProject
Global
	GlobalSection(SolutionConfigurationPlatforms) = preSolution
		Debug|Any CPU = Debug|Any CPU
		Release|Any CPU = Release|Any CPU
	EndGlobalSection
	GlobalSection(ProjectConfigurationPlatforms) = postSolution
		{5C0B79A0-79A4-4783-A2CE-6B978C9DCACC}.Debug|Any CPU.ActiveCfg = Debug|Any CPU
		{5C0B79A0-79A4-4783-A2CE-6B978C9DCACC}.Debug|Any CPU.Build.0 = Debug|Any CPU
		{5C0B79A0-79A4-4783-A2CE-6B978C9DCACC}.Release|Any CPU.ActiveCfg = Release|Any CPU
		{5C0B79A0-79A4-4783-A2CE-6B978C9DCACC}.Release|Any CPU.Build.0 = Release|Any CPU
	EndGlobalSection
	GlobalSection(SolutionProperties) = preSolution
		HideSolutionNode = FALSE
	EndGlobalSection
	GlobalSection(ExtensibilityGlobals) = postSolution
		SolutionGuid = {33D1420D-1E14-48AD-871D-B987509FBB16}
	EndGlobalSection
EndGlobal
